
Microsoft Visual Studio Solution File, Format Version 12.00
# Visual Studio Version 17
VisualStudioVersion = 17.4.33122.133
MinimumVisualStudioVersion = 10.0.40219.1
Project("{8BC9CEB8-8B4A-11D0-8D11-00A0C91BC942}") = "activity one", "activity one.vcxproj", "{C1AC48E4-7F42-48B1-B3DF-8BADA91776A9}"
EndProject
Global
	GlobalSection(SolutionConfigurationPlatforms) = preSolution
		Debug|x64 = Debug|x64
		Debug|x86 = Debug|x86
		Release|x64 = Release|x64
		Release|x86 = Release|x86
	EndGlobalSection
	GlobalSection(ProjectConfigurationPlatforms) = postSolution
		{C1AC48E4-7F42-48B1-B3DF-8BADA91776A9}.Debug|x64.ActiveCfg = Debug|x64
		{C1AC48E4-7F42-48B1-B3DF-8BADA91776A9}.Debug|x64.Build.0 = Debug|x64
		{C1AC48E4-7F42-48B1-B3DF-8BADA91776A9}.Debug|x86.ActiveCfg = Debug|Win32
		{C1AC48E4-7F42-48B1-B3DF-8BADA91776A9}.Debug|x86.Build.0 = Debug|Win32
		{C1AC48E4-7F42-48B1-B3DF-8BADA91776A9}.Release|x64.ActiveCfg = Release|x64
		{C1AC48E4-7F42-48B1-B3DF-8BADA91776A9}.Release|x64.Build.0 = Release|x64
		{C1AC48E4-7F42-48B1-B3DF-8BADA91776A9}.Release|x86.ActiveCfg = Release|Win32
		{C1AC48E4-7F42-48B1-B3DF-8BADA91776A9}.Release|x86.Build.0 = Release|Win32
	EndGlobalSection
	GlobalSection(SolutionProperties) = preSolution
		HideSolutionNode = FALSE
	EndGlobalSection
	GlobalSection(ExtensibilityGlobals) = postSolution
		SolutionGuid = {0434CBAF-0677-4301-AF0A-C04297311F5E}
	EndGlobalSection
EndGlobal
